{
  "requires": true,
  "lockfileVersion": 1,
  "dependencies": {
    "@angular/animations": {
      "version": "9.1.9",
      "resolved": "https://registry.npmjs.org/@angular/animations/-/animations-9.1.9.tgz",
      "integrity": "sha512-qWVi0TxmU6HeXAgEsfpQvFFygh+a0kH2kGe6bWij4XvG6dWfV3xZjlaFwSIYGk+yK4yL0+9+PAXH+ENfxNw+Cw=="
    },
    "ngx-spinner": {
      "version": "9.0.2",
      "resolved": "https://registry.npmjs.org/ngx-spinner/-/ngx-spinner-9.0.2.tgz",
      "integrity": "sha512-Yoed+9389GMxHhyPavBA7S3JY5XF38hIhW+qcJuPcxwOJHkhnr6hZFtuSlp1oXMp3HySQPEskWks1joMtmztMA=="
    }
  }
}
